
Microsoft Visual Studio Solution File, Format Version 12.00
Project("{FAE04EC0-301F-11D3-BF4B-00C04F79EFBC}") = "NUnitTestPassOnSecondRunFirstExample", "NUnitTestPassOnSecondRunFirstExample\NUnitTestPassOnSecondRunFirstExample.csproj", "{05625348-7376-4E0C-98EE-AEC93C1EA85B}"
EndProject
Project("{FAE04EC0-301F-11D3-BF4B-00C04F79EFBC}") = "NUnitTestPassOnThirdRunSecondExample", "NUnitTestPassOnThirdRunSecondExample\NUnitTestPassOnThirdRunSecondExample.csproj", "{F65E419F-ED1C-49F1-A32F-CBD95FFCB0B8}"
EndProject
Global
	GlobalSection(SolutionConfigurationPlatforms) = preSolution
		Debug|Any CPU = Debug|Any CPU
		Release|Any CPU = Release|Any CPU
	EndGlobalSection
	GlobalSection(ProjectConfigurationPlatforms) = postSolution
		{05625348-7376-4E0C-98EE-AEC93C1EA85B}.Debug|Any CPU.ActiveCfg = Debug|Any CPU
		{05625348-7376-4E0C-98EE-AEC93C1EA85B}.Debug|Any CPU.Build.0 = Debug|Any CPU
		{05625348-7376-4E0C-98EE-AEC93C1EA85B}.Release|Any CPU.ActiveCfg = Release|Any CPU
		{05625348-7376-4E0C-98EE-AEC93C1EA85B}.Release|Any CPU.Build.0 = Release|Any CPU
		{F65E419F-ED1C-49F1-A32F-CBD95FFCB0B8}.Debug|Any CPU.ActiveCfg = Debug|Any CPU
		{F65E419F-ED1C-49F1-A32F-CBD95FFCB0B8}.Debug|Any CPU.Build.0 = Debug|Any CPU
		{F65E419F-ED1C-49F1-A32F-CBD95FFCB0B8}.Release|Any CPU.ActiveCfg = Release|Any CPU
		{F65E419F-ED1C-49F1-A32F-CBD95FFCB0B8}.Release|Any CPU.Build.0 = Release|Any CPU
	EndGlobalSection
EndGlobal
