
Microsoft Visual Studio Solution File, Format Version 12.00
Project("{FAE04EC0-301F-11D3-BF4B-00C04F79EFBC}") = "XUnitExample", "XUnitExample\XUnitExample.csproj", "{8B3D1A43-D805-4D38-9E9F-DE74A989B46E}"
EndProject
Project("{FAE04EC0-301F-11D3-BF4B-00C04F79EFBC}") = "NUnitTestExample", "NUnitTestExample\NUnitTestExample.csproj", "{CE5A11E6-D682-412E-9555-39C511356186}"
EndProject
Project("{FAE04EC0-301F-11D3-BF4B-00C04F79EFBC}") = "MSTestExample", "MSTestExample\MSTestExample.csproj", "{9C1DE2B2-1A27-421B-9016-F062B32096D5}"
EndProject
Project("{FAE04EC0-301F-11D3-BF4B-00C04F79EFBC}") = "FailingXUnitExample", "FailingXUnitExample\FailingXUnitExample.csproj", "{CD9C52B6-CC51-45F0-A7BB-BF3FCFB4EE6E}"
EndProject
Global
	GlobalSection(SolutionConfigurationPlatforms) = preSolution
		Debug|Any CPU = Debug|Any CPU
		Release|Any CPU = Release|Any CPU
	EndGlobalSection
	GlobalSection(ProjectConfigurationPlatforms) = postSolution
		{8B3D1A43-D805-4D38-9E9F-DE74A989B46E}.Debug|Any CPU.ActiveCfg = Debug|Any CPU
		{8B3D1A43-D805-4D38-9E9F-DE74A989B46E}.Debug|Any CPU.Build.0 = Debug|Any CPU
		{8B3D1A43-D805-4D38-9E9F-DE74A989B46E}.Release|Any CPU.ActiveCfg = Release|Any CPU
		{8B3D1A43-D805-4D38-9E9F-DE74A989B46E}.Release|Any CPU.Build.0 = Release|Any CPU
		{CE5A11E6-D682-412E-9555-39C511356186}.Debug|Any CPU.ActiveCfg = Debug|Any CPU
		{CE5A11E6-D682-412E-9555-39C511356186}.Debug|Any CPU.Build.0 = Debug|Any CPU
		{CE5A11E6-D682-412E-9555-39C511356186}.Release|Any CPU.ActiveCfg = Release|Any CPU
		{CE5A11E6-D682-412E-9555-39C511356186}.Release|Any CPU.Build.0 = Release|Any CPU
		{9C1DE2B2-1A27-421B-9016-F062B32096D5}.Debug|Any CPU.ActiveCfg = Debug|Any CPU
		{9C1DE2B2-1A27-421B-9016-F062B32096D5}.Debug|Any CPU.Build.0 = Debug|Any CPU
		{9C1DE2B2-1A27-421B-9016-F062B32096D5}.Release|Any CPU.ActiveCfg = Release|Any CPU
		{9C1DE2B2-1A27-421B-9016-F062B32096D5}.Release|Any CPU.Build.0 = Release|Any CPU
		{CD9C52B6-CC51-45F0-A7BB-BF3FCFB4EE6E}.Debug|Any CPU.ActiveCfg = Debug|Any CPU
		{CD9C52B6-CC51-45F0-A7BB-BF3FCFB4EE6E}.Debug|Any CPU.Build.0 = Debug|Any CPU
		{CD9C52B6-CC51-45F0-A7BB-BF3FCFB4EE6E}.Release|Any CPU.ActiveCfg = Release|Any CPU
		{CD9C52B6-CC51-45F0-A7BB-BF3FCFB4EE6E}.Release|Any CPU.Build.0 = Release|Any CPU
	EndGlobalSection
EndGlobal
